{
  "name": "ckeditor-5-simple-image-button",
  "version": "1.0.0",
  "lockfileVersion": 1,
  "requires": true,
  "dependencies": {
    "@ckeditor/ckeditor5-clipboard": {
      "version": "19.0.1",
      "resolved": "https://registry.npmjs.org/@ckeditor/ckeditor5-clipboard/-/ckeditor5-clipboard-19.0.1.tgz",
      "integrity": "sha512-vbgrHBm42GE/LrnQVmozx7dYf6YV9YxytrM6nkMvYZ2bH/jaYAk5u/mKwTEWUKHZvyBPkDBdCd90xgxF4231Og==",
      "requires": {
        "@ckeditor/ckeditor5-core": "^19.0.1",
        "@ckeditor/ckeditor5-engine": "^19.0.1",
        "@ckeditor/ckeditor5-utils": "^19.0.1"
      }
    },
    "@ckeditor/ckeditor5-core": {
      "version": "19.0.1",
      "resolved": "https://registry.npmjs.org/@ckeditor/ckeditor5-core/-/ckeditor5-core-19.0.1.tgz",
      "integrity": "sha512-HKuJp7XEmg8q6o8T2pIUCQDxLlgx2vtweJeDpgreLrX4IqreE0UQtz+TUyxvtlay55UhVpBP4zrnROxrq4Prng==",
      "requires": {
        "@ckeditor/ckeditor5-engine": "^19.0.1",
        "@ckeditor/ckeditor5-utils": "^19.0.1",
        "lodash-es": "^4.17.10"
      }
    },
    "@ckeditor/ckeditor5-engine": {
      "version": "19.0.1",
      "resolved": "https://registry.npmjs.org/@ckeditor/ckeditor5-engine/-/ckeditor5-engine-19.0.1.tgz",
      "integrity": "sha512-dBE4bSpQzGhoyZaWdDaUJyWG0ltCmpXVkv5YG/x+4s+n3vJf9KKEQcXvj/XPCrMqLaWGKTNugKYfQIEJdOzTZA==",
      "requires": {
        "@ckeditor/ckeditor5-utils": "^19.0.1",
        "lodash-es": "^4.17.10"
      }
    },
    "@ckeditor/ckeditor5-image": {
      "version": "19.0.1",
      "resolved": "https://registry.npmjs.org/@ckeditor/ckeditor5-image/-/ckeditor5-image-19.0.1.tgz",
      "integrity": "sha512-pYx07Hdp9hTJhxgCFILNEGa4mPO7Vdu/Jubi/ZE1XdO9J1i/mj6ddFhtLef8psYk9Ujy4zkBLhjn8SQh3KNXYA==",
      "requires": {
        "@ckeditor/ckeditor5-clipboard": "^19.0.1",
        "@ckeditor/ckeditor5-core": "^19.0.1",
        "@ckeditor/ckeditor5-engine": "^19.0.1",
        "@ckeditor/ckeditor5-ui": "^19.0.1",
        "@ckeditor/ckeditor5-upload": "^19.0.1",
        "@ckeditor/ckeditor5-utils": "^19.0.1",
        "@ckeditor/ckeditor5-widget": "^19.1.0"
      }
    },
    "@ckeditor/ckeditor5-ui": {
      "version": "19.0.1",
      "resolved": "https://registry.npmjs.org/@ckeditor/ckeditor5-ui/-/ckeditor5-ui-19.0.1.tgz",
      "integrity": "sha512-b5WpNmR75NeZ/5CxXWarYUAaomcoflQVjD8M0JHppJKMrBpfuaogRXIRiqsCq+d4mUKzkrEzBcGElI2MObE5dw==",
      "requires": {
        "@ckeditor/ckeditor5-core": "^19.0.1",
        "@ckeditor/ckeditor5-utils": "^19.0.1",
        "lodash-es": "^4.17.10"
      }
    },
    "@ckeditor/ckeditor5-upload": {
      "version": "19.0.1",
      "resolved": "https://registry.npmjs.org/@ckeditor/ckeditor5-upload/-/ckeditor5-upload-19.0.1.tgz",
      "integrity": "sha512-MqxP/KENO8fNUNuK5dXpfk8BSRHYi8OaNS7TYtffX6e2mhlY/Dv15zJWY7XibHEx6+UeRyhZsZ3e4nJM69faAA==",
      "requires": {
        "@ckeditor/ckeditor5-core": "^19.0.1",
        "@ckeditor/ckeditor5-ui": "^19.0.1",
        "@ckeditor/ckeditor5-utils": "^19.0.1"
      }
    },
    "@ckeditor/ckeditor5-utils": {
      "version": "19.0.2",
      "resolved": "https://registry.npmjs.org/@ckeditor/ckeditor5-utils/-/ckeditor5-utils-19.0.2.tgz",
      "integrity": "sha512-ZpoCbuyzujERC5WIjT5obrUyo9m4IoAEOgTxiKOyv9Cy8IGrcW1mG01111iwY/j2pWio0rY0kGRIsQaxqcZ+Ag==",
      "requires": {
        "lodash-es": "^4.17.10"
      }
    },
    "@ckeditor/ckeditor5-widget": {
      "version": "19.1.0",
      "resolved": "https://registry.npmjs.org/@ckeditor/ckeditor5-widget/-/ckeditor5-widget-19.1.0.tgz",
      "integrity": "sha512-zaqmVyJOIlBMuIMZB2icllkVDqiIr4hpSnBTpNKdwEZLKRaQvCZOfZEz9Ng2iJZtycaaAOlIWwQ15bh3PmPKXA==",
      "requires": {
        "@ckeditor/ckeditor5-core": "^19.0.1",
        "@ckeditor/ckeditor5-engine": "^19.0.1",
        "@ckeditor/ckeditor5-ui": "^19.0.1",
        "@ckeditor/ckeditor5-utils": "^19.0.1",
        "lodash-es": "^4.17.10"
      }
    },
    "lodash-es": {
      "version": "4.17.21",
      "resolved": "https://registry.npmjs.org/lodash-es/-/lodash-es-4.17.21.tgz",
      "integrity": "sha512-mKnC+QJ9pWVzv+C4/U3rRsHapFfHvQFoFB92e52xeyGMcX6/OlIl78je1u8vePzYZSkkogMPJ2yjxxsb89cxyw=="
    }
  }
}
